// !$*UTF8*$!
{
	archiveVersion = 1;
	classes = {
	};
	objectVersion = 56;
	objects = {

/* Begin PBXBuildFile section */
		270485962A24EE510086FF96 /* AppDelegate.swift in Sources */ = {isa = PBXBuildFile; fileRef = 270485952A24EE510086FF96 /* AppDelegate.swift */; };
		270485982A24EE510086FF96 /* SceneDelegate.swift in Sources */ = {isa = PBXBuildFile; fileRef = 270485972A24EE510086FF96 /* SceneDelegate.swift */; };
		2704859A2A24EE510086FF96 /* GamesViewController.swift in Sources */ = {isa = PBXBuildFile; fileRef = 270485992A24EE510086FF96 /* GamesViewController.swift */; };
		270485A02A24EE510086FF96 /* iOS_Challange.xcdatamodeld in Sources */ = {isa = PBXBuildFile; fileRef = 2704859E2A24EE510086FF96 /* iOS_Challange.xcdatamodeld */; };
		270485A22A24EE510086FF96 /* Assets.xcassets in Resources */ = {isa = PBXBuildFile; fileRef = 270485A12A24EE510086FF96 /* Assets.xcassets */; };
		270485A52A24EE510086FF96 /* LaunchScreen.storyboard in Resources */ = {isa = PBXBuildFile; fileRef = 270485A32A24EE510086FF96 /* LaunchScreen.storyboard */; };
		27358A6B2A24FE360023A6ED /* ApiService.swift in Sources */ = {isa = PBXBuildFile; fileRef = 27358A6A2A24FE360023A6ED /* ApiService.swift */; };
		27358A6D2A25005F0023A6ED /* ApiRequest.swift in Sources */ = {isa = PBXBuildFile; fileRef = 27358A6C2A25005F0023A6ED /* ApiRequest.swift */; };
		27358A712A2501AA0023A6ED /* GamesViewModel.swift in Sources */ = {isa = PBXBuildFile; fileRef = 27358A702A2501AA0023A6ED /* GamesViewModel.swift */; };
		27358A742A2503150023A6ED /* GamesResponse.swift in Sources */ = {isa = PBXBuildFile; fileRef = 27358A732A2503150023A6ED /* GamesResponse.swift */; };
		27358A782A25069D0023A6ED /* Games.swift in Sources */ = {isa = PBXBuildFile; fileRef = 27358A772A25069D0023A6ED /* Games.swift */; };
		2757F9302A2CA84C005E300D /* GamesTableViewAdapter.swift in Sources */ = {isa = PBXBuildFile; fileRef = 2757F92F2A2CA84C005E300D /* GamesTableViewAdapter.swift */; };
		2790358D2A2E591200B508BF /* SearchAlertView.swift in Sources */ = {isa = PBXBuildFile; fileRef = 2790358C2A2E591200B508BF /* SearchAlertView.swift */; };
		2792898C2A2B7E2D00FDBD9D /* UIColorExtension.swift in Sources */ = {isa = PBXBuildFile; fileRef = 2792898B2A2B7E2D00FDBD9D /* UIColorExtension.swift */; };
		2792898E2A2B844600FDBD9D /* ActivityIndicatorView.swift in Sources */ = {isa = PBXBuildFile; fileRef = 2792898D2A2B844600FDBD9D /* ActivityIndicatorView.swift */; };
		279289912A2B858B00FDBD9D /* GameDetailsViewController.swift in Sources */ = {isa = PBXBuildFile; fileRef = 279289902A2B858B00FDBD9D /* GameDetailsViewController.swift */; };
		279289932A2B859800FDBD9D /* GameDetailsViewModel.swift in Sources */ = {isa = PBXBuildFile; fileRef = 279289922A2B859800FDBD9D /* GameDetailsViewModel.swift */; };
		279289952A2B85A200FDBD9D /* GameDetailsView.swift in Sources */ = {isa = PBXBuildFile; fileRef = 279289942A2B85A200FDBD9D /* GameDetailsView.swift */; };
		2792899B2A2B934800FDBD9D /* GameDetails.swift in Sources */ = {isa = PBXBuildFile; fileRef = 2792899A2A2B934800FDBD9D /* GameDetails.swift */; };
		279CDD4F2A27988A00D0358C /* GamesTabBar.swift in Sources */ = {isa = PBXBuildFile; fileRef = 279CDD4E2A27988A00D0358C /* GamesTabBar.swift */; };
		27F35A5B2A25FBE20008ECE6 /* Genre.swift in Sources */ = {isa = PBXBuildFile; fileRef = 27F35A5A2A25FBE20008ECE6 /* Genre.swift */; };
		27F35A622A263C4A0008ECE6 /* GamesView.swift in Sources */ = {isa = PBXBuildFile; fileRef = 27F35A612A263C4A0008ECE6 /* GamesView.swift */; };
		369FA70B4F90D53FE16704D3 /* Pods_iOS_Challange.framework in Frameworks */ = {isa = PBXBuildFile; fileRef = 8EC93043EE9E1DE857A0C91A /* Pods_iOS_Challange.framework */; };
/* End PBXBuildFile section */

/* Begin PBXFileReference section */
		270485922A24EE510086FF96 /* iOS-Challange.app */ = {isa = PBXFileReference; explicitFileType = wrapper.application; includeInIndex = 0; path = "iOS-Challange.app"; sourceTree = BUILT_PRODUCTS_DIR; };
		270485952A24EE510086FF96 /* AppDelegate.swift */ = {isa = PBXFileReference; lastKnownFileType = sourcecode.swift; path = AppDelegate.swift; sourceTree = "<group>"; };
		270485972A24EE510086FF96 /* SceneDelegate.swift */ = {isa = PBXFileReference; lastKnownFileType = sourcecode.swift; path = SceneDelegate.swift; sourceTree = "<group>"; };
		270485992A24EE510086FF96 /* GamesViewController.swift */ = {isa = PBXFileReference; lastKnownFileType = sourcecode.swift; path = GamesViewController.swift; sourceTree = "<group>"; };
		2704859F2A24EE510086FF96 /* iOS_Challange.xcdatamodel */ = {isa = PBXFileReference; lastKnownFileType = wrapper.xcdatamodel; path = iOS_Challange.xcdatamodel; sourceTree = "<group>"; };
		270485A12A24EE510086FF96 /* Assets.xcassets */ = {isa = PBXFileReference; lastKnownFileType = folder.assetcatalog; path = Assets.xcassets; sourceTree = "<group>"; };
		270485A42A24EE510086FF96 /* Base */ = {isa = PBXFileReference; lastKnownFileType = file.storyboard; name = Base; path = Base.lproj/LaunchScreen.storyboard; sourceTree = "<group>"; };
		270485A62A24EE510086FF96 /* Info.plist */ = {isa = PBXFileReference; lastKnownFileType = text.plist.xml; path = Info.plist; sourceTree = "<group>"; };
		27358A6A2A24FE360023A6ED /* ApiService.swift */ = {isa = PBXFileReference; lastKnownFileType = sourcecode.swift; path = ApiService.swift; sourceTree = "<group>"; };
		27358A6C2A25005F0023A6ED /* ApiRequest.swift */ = {isa = PBXFileReference; lastKnownFileType = sourcecode.swift; path = ApiRequest.swift; sourceTree = "<group>"; };
		27358A702A2501AA0023A6ED /* GamesViewModel.swift */ = {isa = PBXFileReference; lastKnownFileType = sourcecode.swift; path = GamesViewModel.swift; sourceTree = "<group>"; };
		27358A732A2503150023A6ED /* GamesResponse.swift */ = {isa = PBXFileReference; lastKnownFileType = sourcecode.swift; path = GamesResponse.swift; sourceTree = "<group>"; };
		27358A772A25069D0023A6ED /* Games.swift */ = {isa = PBXFileReference; lastKnownFileType = sourcecode.swift; path = Games.swift; sourceTree = "<group>"; };
		2757F92F2A2CA84C005E300D /* GamesTableViewAdapter.swift */ = {isa = PBXFileReference; lastKnownFileType = sourcecode.swift; path = GamesTableViewAdapter.swift; sourceTree = "<group>"; };
		2790358C2A2E591200B508BF /* SearchAlertView.swift */ = {isa = PBXFileReference; lastKnownFileType = sourcecode.swift; path = SearchAlertView.swift; sourceTree = "<group>"; };
		2792898B2A2B7E2D00FDBD9D /* UIColorExtension.swift */ = {isa = PBXFileReference; lastKnownFileType = sourcecode.swift; path = UIColorExtension.swift; sourceTree = "<group>"; };
		2792898D2A2B844600FDBD9D /* ActivityIndicatorView.swift */ = {isa = PBXFileReference; lastKnownFileType = sourcecode.swift; path = ActivityIndicatorView.swift; sourceTree = "<group>"; };
		279289902A2B858B00FDBD9D /* GameDetailsViewController.swift */ = {isa = PBXFileReference; lastKnownFileType = sourcecode.swift; path = GameDetailsViewController.swift; sourceTree = "<group>"; };
		279289922A2B859800FDBD9D /* GameDetailsViewModel.swift */ = {isa = PBXFileReference; lastKnownFileType = sourcecode.swift; path = GameDetailsViewModel.swift; sourceTree = "<group>"; };
		279289942A2B85A200FDBD9D /* GameDetailsView.swift */ = {isa = PBXFileReference; lastKnownFileType = sourcecode.swift; path = GameDetailsView.swift; sourceTree = "<group>"; };
		2792899A2A2B934800FDBD9D /* GameDetails.swift */ = {isa = PBXFileReference; lastKnownFileType = sourcecode.swift; path = GameDetails.swift; sourceTree = "<group>"; };
		279CDD4E2A27988A00D0358C /* GamesTabBar.swift */ = {isa = PBXFileReference; lastKnownFileType = sourcecode.swift; path = GamesTabBar.swift; sourceTree = "<group>"; };
		27F35A5A2A25FBE20008ECE6 /* Genre.swift */ = {isa = PBXFileReference; lastKnownFileType = sourcecode.swift; path = Genre.swift; sourceTree = "<group>"; };
		27F35A612A263C4A0008ECE6 /* GamesView.swift */ = {isa = PBXFileReference; lastKnownFileType = sourcecode.swift; path = GamesView.swift; sourceTree = "<group>"; };
		2FBF42FFE17E877536766AD8 /* Pods-iOS-Challange.debug.xcconfig */ = {isa = PBXFileReference; includeInIndex = 1; lastKnownFileType = text.xcconfig; name = "Pods-iOS-Challange.debug.xcconfig"; path = "Target Support Files/Pods-iOS-Challange/Pods-iOS-Challange.debug.xcconfig"; sourceTree = "<group>"; };
		8EC93043EE9E1DE857A0C91A /* Pods_iOS_Challange.framework */ = {isa = PBXFileReference; explicitFileType = wrapper.framework; includeInIndex = 0; path = Pods_iOS_Challange.framework; sourceTree = BUILT_PRODUCTS_DIR; };
		EFF575536F104DA0B48BB08C /* Pods-iOS-Challange.release.xcconfig */ = {isa = PBXFileReference; includeInIndex = 1; lastKnownFileType = text.xcconfig; name = "Pods-iOS-Challange.release.xcconfig"; path = "Target Support Files/Pods-iOS-Challange/Pods-iOS-Challange.release.xcconfig"; sourceTree = "<group>"; };
/* End PBXFileReference section */

/* Begin PBXFrameworksBuildPhase section */
		2704858F2A24EE510086FF96 /* Frameworks */ = {
			isa = PBXFrameworksBuildPhase;
			buildActionMask = 2147483647;
			files = (
				369FA70B4F90D53FE16704D3 /* Pods_iOS_Challange.framework in Frameworks */,
			);
			runOnlyForDeploymentPostprocessing = 0;
		};
/* End PBXFrameworksBuildPhase section */

/* Begin PBXGroup section */
		0371D043404B61F7E8979BD6 /* Pods */ = {
			isa = PBXGroup;
			children = (
				2FBF42FFE17E877536766AD8 /* Pods-iOS-Challange.debug.xcconfig */,
				EFF575536F104DA0B48BB08C /* Pods-iOS-Challange.release.xcconfig */,
			);
			path = Pods;
			sourceTree = "<group>";
		};
		270485892A24EE510086FF96 = {
			isa = PBXGroup;
			children = (
				270485942A24EE510086FF96 /* iOS-Challange */,
				270485932A24EE510086FF96 /* Products */,
				0371D043404B61F7E8979BD6 /* Pods */,
				DECAC719866054428B805070 /* Frameworks */,
			);
			sourceTree = "<group>";
		};
		270485932A24EE510086FF96 /* Products */ = {
			isa = PBXGroup;
			children = (
				270485922A24EE510086FF96 /* iOS-Challange.app */,
			);
			name = Products;
			sourceTree = "<group>";
		};
		270485942A24EE510086FF96 /* iOS-Challange */ = {
			isa = PBXGroup;
			children = (
				2792898A2A2B7E1D00FDBD9D /* Util */,
				27F35A5C2A2612540008ECE6 /* Resource */,
				27358A722A2503030023A6ED /* Model */,
				27358A6E2A2501820023A6ED /* View */,
				27358A692A24FE210023A6ED /* Service */,
				270485A12A24EE510086FF96 /* Assets.xcassets */,
				270485A62A24EE510086FF96 /* Info.plist */,
				2704859E2A24EE510086FF96 /* iOS_Challange.xcdatamodeld */,
			);
			path = "iOS-Challange";
			sourceTree = "<group>";
		};
		27358A692A24FE210023A6ED /* Service */ = {
			isa = PBXGroup;
			children = (
				27358A6A2A24FE360023A6ED /* ApiService.swift */,
				27358A6C2A25005F0023A6ED /* ApiRequest.swift */,
			);
			path = Service;
			sourceTree = "<group>";
		};
		27358A6E2A2501820023A6ED /* View */ = {
			isa = PBXGroup;
			children = (
				279CDD4E2A27988A00D0358C /* GamesTabBar.swift */,
				2792898D2A2B844600FDBD9D /* ActivityIndicatorView.swift */,
				2790358C2A2E591200B508BF /* SearchAlertView.swift */,
				2792898F2A2B856B00FDBD9D /* GameDetails */,
				27358A6F2A25018F0023A6ED /* Games */,
			);
			path = View;
			sourceTree = "<group>";
		};
		27358A6F2A25018F0023A6ED /* Games */ = {
			isa = PBXGroup;
			children = (
				270485992A24EE510086FF96 /* GamesViewController.swift */,
				27358A702A2501AA0023A6ED /* GamesViewModel.swift */,
				27F35A612A263C4A0008ECE6 /* GamesView.swift */,
			);
			path = Games;
			sourceTree = "<group>";
		};
		27358A722A2503030023A6ED /* Model */ = {
			isa = PBXGroup;
			children = (
				27358A762A2506930023A6ED /* DataModel */,
				27358A752A25068A0023A6ED /* ResponseModel */,
			);
			path = Model;
			sourceTree = "<group>";
		};
		27358A752A25068A0023A6ED /* ResponseModel */ = {
			isa = PBXGroup;
			children = (
				27358A732A2503150023A6ED /* GamesResponse.swift */,
			);
			path = ResponseModel;
			sourceTree = "<group>";
		};
		27358A762A2506930023A6ED /* DataModel */ = {
			isa = PBXGroup;
			children = (
				27358A772A25069D0023A6ED /* Games.swift */,
				27F35A5A2A25FBE20008ECE6 /* Genre.swift */,
				2792899A2A2B934800FDBD9D /* GameDetails.swift */,
			);
			path = DataModel;
			sourceTree = "<group>";
		};
		2792898A2A2B7E1D00FDBD9D /* Util */ = {
			isa = PBXGroup;
			children = (
				2792898B2A2B7E2D00FDBD9D /* UIColorExtension.swift */,
				2757F92F2A2CA84C005E300D /* GamesTableViewAdapter.swift */,
			);
			path = Util;
			sourceTree = "<group>";
		};
		2792898F2A2B856B00FDBD9D /* GameDetails */ = {
			isa = PBXGroup;
			children = (
				279289902A2B858B00FDBD9D /* GameDetailsViewController.swift */,
				279289922A2B859800FDBD9D /* GameDetailsViewModel.swift */,
				279289942A2B85A200FDBD9D /* GameDetailsView.swift */,
			);
			path = GameDetails;
			sourceTree = "<group>";
		};
		27F35A5C2A2612540008ECE6 /* Resource */ = {
			isa = PBXGroup;
			children = (
				270485952A24EE510086FF96 /* AppDelegate.swift */,
				270485972A24EE510086FF96 /* SceneDelegate.swift */,
				270485A32A24EE510086FF96 /* LaunchScreen.storyboard */,
			);
			path = Resource;
			sourceTree = "<group>";
		};
		DECAC719866054428B805070 /* Frameworks */ = {
			isa = PBXGroup;
			children = (
				8EC93043EE9E1DE857A0C91A /* Pods_iOS_Challange.framework */,
			);
			name = Frameworks;
			sourceTree = "<group>";
		};
/* End PBXGroup section */

/* Begin PBXNativeTarget section */
		270485912A24EE510086FF96 /* iOS-Challange */ = {
			isa = PBXNativeTarget;
			buildConfigurationList = 270485A92A24EE510086FF96 /* Build configuration list for PBXNativeTarget "iOS-Challange" */;
			buildPhases = (
				BAC7D46F6B13E124D265F370 /* [CP] Check Pods Manifest.lock */,
				2704858E2A24EE510086FF96 /* Sources */,
				2704858F2A24EE510086FF96 /* Frameworks */,
				270485902A24EE510086FF96 /* Resources */,
				70C1A278786E9CB8E6D1E2C4 /* [CP] Embed Pods Frameworks */,
			);
			buildRules = (
			);
			dependencies = (
			);
			name = "iOS-Challange";
			productName = "iOS-Challange";
			productReference = 270485922A24EE510086FF96 /* iOS-Challange.app */;
			productType = "com.apple.product-type.application";
		};
/* End PBXNativeTarget section */

/* Begin PBXProject section */
		2704858A2A24EE510086FF96 /* Project object */ = {
			isa = PBXProject;
			attributes = {
				BuildIndependentTargetsInParallel = 1;
				LastSwiftUpdateCheck = 1420;
				LastUpgradeCheck = 1420;
				TargetAttributes = {
					270485912A24EE510086FF96 = {
						CreatedOnToolsVersion = 14.2;
					};
				};
			};
			buildConfigurationList = 2704858D2A24EE510086FF96 /* Build configuration list for PBXProject "iOS-Challange" */;
			compatibilityVersion = "Xcode 14.0";
			developmentRegion = en;
			hasScannedForEncodings = 0;
			knownRegions = (
				en,
				Base,
			);
			mainGroup = 270485892A24EE510086FF96;
			productRefGroup = 270485932A24EE510086FF96 /* Products */;
			projectDirPath = "";
			projectRoot = "";
			targets = (
				270485912A24EE510086FF96 /* iOS-Challange */,
			);
		};
/* End PBXProject section */

/* Begin PBXResourcesBuildPhase section */
		270485902A24EE510086FF96 /* Resources */ = {
			isa = PBXResourcesBuildPhase;
			buildActionMask = 2147483647;
			files = (
				270485A52A24EE510086FF96 /* LaunchScreen.storyboard in Resources */,
				270485A22A24EE510086FF96 /* Assets.xcassets in Resources */,
			);
			runOnlyForDeploymentPostprocessing = 0;
		};
/* End PBXResourcesBuildPhase section */

/* Begin PBXShellScriptBuildPhase section */
		70C1A278786E9CB8E6D1E2C4 /* [CP] Embed Pods Frameworks */ = {
			isa = PBXShellScriptBuildPhase;
			buildActionMask = 2147483647;
			files = (
			);
			inputFileListPaths = (
				"${PODS_ROOT}/Target Support Files/Pods-iOS-Challange/Pods-iOS-Challange-frameworks-${CONFIGURATION}-input-files.xcfilelist",
			);
			name = "[CP] Embed Pods Frameworks";
			outputFileListPaths = (
				"${PODS_ROOT}/Target Support Files/Pods-iOS-Challange/Pods-iOS-Challange-frameworks-${CONFIGURATION}-output-files.xcfilelist",
			);
			runOnlyForDeploymentPostprocessing = 0;
			shellPath = /bin/sh;
			shellScript = "\"${PODS_ROOT}/Target Support Files/Pods-iOS-Challange/Pods-iOS-Challange-frameworks.sh\"\n";
			showEnvVarsInLog = 0;
		};
		BAC7D46F6B13E124D265F370 /* [CP] Check Pods Manifest.lock */ = {
			isa = PBXShellScriptBuildPhase;
			buildActionMask = 2147483647;
			files = (
			);
			inputFileListPaths = (
			);
			inputPaths = (
				"${PODS_PODFILE_DIR_PATH}/Podfile.lock",
				"${PODS_ROOT}/Manifest.lock",
			);
			name = "[CP] Check Pods Manifest.lock";
			outputFileListPaths = (
			);
			outputPaths = (
				"$(DERIVED_FILE_DIR)/Pods-iOS-Challange-checkManifestLockResult.txt",
			);
			runOnlyForDeploymentPostprocessing = 0;
			shellPath = /bin/sh;
			shellScript = "diff \"${PODS_PODFILE_DIR_PATH}/Podfile.lock\" \"${PODS_ROOT}/Manifest.lock\" > /dev/null\nif [ $? != 0 ] ; then\n    # print error to STDERR\n    echo \"error: The sandbox is not in sync with the Podfile.lock. Run 'pod install' or update your CocoaPods installation.\" >&2\n    exit 1\nfi\n# This output is used by Xcode 'outputs' to avoid re-running this script phase.\necho \"SUCCESS\" > \"${SCRIPT_OUTPUT_FILE_0}\"\n";
			showEnvVarsInLog = 0;
		};
/* End PBXShellScriptBuildPhase section */

/* Begin PBXSourcesBuildPhase section */
		2704858E2A24EE510086FF96 /* Sources */ = {
			isa = PBXSourcesBuildPhase;
			buildActionMask = 2147483647;
			files = (
				2704859A2A24EE510086FF96 /* GamesViewController.swift in Sources */,
				2790358D2A2E591200B508BF /* SearchAlertView.swift in Sources */,
				279CDD4F2A27988A00D0358C /* GamesTabBar.swift in Sources */,
				27358A782A25069D0023A6ED /* Games.swift in Sources */,
				27358A6B2A24FE360023A6ED /* ApiService.swift in Sources */,
				27358A742A2503150023A6ED /* GamesResponse.swift in Sources */,
				27358A6D2A25005F0023A6ED /* ApiRequest.swift in Sources */,
				2792898C2A2B7E2D00FDBD9D /* UIColorExtension.swift in Sources */,
				279289952A2B85A200FDBD9D /* GameDetailsView.swift in Sources */,
				279289912A2B858B00FDBD9D /* GameDetailsViewController.swift in Sources */,
				27F35A622A263C4A0008ECE6 /* GamesView.swift in Sources */,
				27358A712A2501AA0023A6ED /* GamesViewModel.swift in Sources */,
				270485962A24EE510086FF96 /* AppDelegate.swift in Sources */,
				2792899B2A2B934800FDBD9D /* GameDetails.swift in Sources */,
				270485982A24EE510086FF96 /* SceneDelegate.swift in Sources */,
				270485A02A24EE510086FF96 /* iOS_Challange.xcdatamodeld in Sources */,
				279289932A2B859800FDBD9D /* GameDetailsViewModel.swift in Sources */,
				27F35A5B2A25FBE20008ECE6 /* Genre.swift in Sources */,
				2792898E2A2B844600FDBD9D /* ActivityIndicatorView.swift in Sources */,
				2757F9302A2CA84C005E300D /* GamesTableViewAdapter.swift in Sources */,
			);
			runOnlyForDeploymentPostprocessing = 0;
		};
/* End PBXSourcesBuildPhase section */

/* Begin PBXVariantGroup section */
		270485A32A24EE510086FF96 /* LaunchScreen.storyboard */ = {
			isa = PBXVariantGroup;
			children = (
				270485A42A24EE510086FF96 /* Base */,
			);
			name = LaunchScreen.storyboard;
			sourceTree = "<group>";
		};
/* End PBXVariantGroup section */

/* Begin XCBuildConfiguration section */
		270485A72A24EE510086FF96 /* Debug */ = {
			isa = XCBuildConfiguration;
			buildSettings = {
				ALWAYS_SEARCH_USER_PATHS = NO;
				CLANG_ANALYZER_NONNULL = YES;
				CLANG_ANALYZER_NUMBER_OBJECT_CONVERSION = YES_AGGRESSIVE;
				CLANG_CXX_LANGUAGE_STANDARD = "gnu++20";
				CLANG_ENABLE_MODULES = YES;
				CLANG_ENABLE_OBJC_ARC = YES;
				CLANG_ENABLE_OBJC_WEAK = YES;
				CLANG_WARN_BLOCK_CAPTURE_AUTORELEASING = YES;
				CLANG_WARN_BOOL_CONVERSION = YES;
				CLANG_WARN_COMMA = YES;
				CLANG_WARN_CONSTANT_CONVERSION = YES;
				CLANG_WARN_DEPRECATED_OBJC_IMPLEMENTATIONS = YES;
				CLANG_WARN_DIRECT_OBJC_ISA_USAGE = YES_ERROR;
				CLANG_WARN_DOCUMENTATION_COMMENTS = YES;
				CLANG_WARN_EMPTY_BODY = YES;
				CLANG_WARN_ENUM_CONVERSION = YES;
				CLANG_WARN_INFINITE_RECURSION = YES;
				CLANG_WARN_INT_CONVERSION = YES;
				CLANG_WARN_NON_LITERAL_NULL_CONVERSION = YES;
				CLANG_WARN_OBJC_IMPLICIT_RETAIN_SELF = YES;
				CLANG_WARN_OBJC_LITERAL_CONVERSION = YES;
				CLANG_WARN_OBJC_ROOT_CLASS = YES_ERROR;
				CLANG_WARN_QUOTED_INCLUDE_IN_FRAMEWORK_HEADER = YES;
				CLANG_WARN_RANGE_LOOP_ANALYSIS = YES;
				CLANG_WARN_STRICT_PROTOTYPES = YES;
				CLANG_WARN_SUSPICIOUS_MOVE = YES;
				CLANG_WARN_UNGUARDED_AVAILABILITY = YES_AGGRESSIVE;
				CLANG_WARN_UNREACHABLE_CODE = YES;
				CLANG_WARN__DUPLICATE_METHOD_MATCH = YES;
				COPY_PHASE_STRIP = NO;
				DEBUG_INFORMATION_FORMAT = dwarf;
				ENABLE_STRICT_OBJC_MSGSEND = YES;
				ENABLE_TESTABILITY = YES;
				GCC_C_LANGUAGE_STANDARD = gnu11;
				GCC_DYNAMIC_NO_PIC = NO;
				GCC_NO_COMMON_BLOCKS = YES;
				GCC_OPTIMIZATION_LEVEL = 0;
				GCC_PREPROCESSOR_DEFINITIONS = (
					"DEBUG=1",
					"$(inherited)",
				);
				GCC_WARN_64_TO_32_BIT_CONVERSION = YES;
				GCC_WARN_ABOUT_RETURN_TYPE = YES_ERROR;
				GCC_WARN_UNDECLARED_SELECTOR = YES;
				GCC_WARN_UNINITIALIZED_AUTOS = YES_AGGRESSIVE;
				GCC_WARN_UNUSED_FUNCTION = YES;
				GCC_WARN_UNUSED_VARIABLE = YES;
				IPHONEOS_DEPLOYMENT_TARGET = 16.2;
				MTL_ENABLE_DEBUG_INFO = INCLUDE_SOURCE;
				MTL_FAST_MATH = YES;
				ONLY_ACTIVE_ARCH = YES;
				SDKROOT = iphoneos;
				SWIFT_ACTIVE_COMPILATION_CONDITIONS = DEBUG;
				SWIFT_OPTIMIZATION_LEVEL = "-Onone";
			};
			name = Debug;
		};
		270485A82A24EE510086FF96 /* Release */ = {
			isa = XCBuildConfiguration;
			buildSettings = {
				ALWAYS_SEARCH_USER_PATHS = NO;
				CLANG_ANALYZER_NONNULL = YES;
				CLANG_ANALYZER_NUMBER_OBJECT_CONVERSION = YES_AGGRESSIVE;
				CLANG_CXX_LANGUAGE_STANDARD = "gnu++20";
				CLANG_ENABLE_MODULES = YES;
				CLANG_ENABLE_OBJC_ARC = YES;
				CLANG_ENABLE_OBJC_WEAK = YES;
				CLANG_WARN_BLOCK_CAPTURE_AUTORELEASING = YES;
				CLANG_WARN_BOOL_CONVERSION = YES;
				CLANG_WARN_COMMA = YES;
				CLANG_WARN_CONSTANT_CONVERSION = YES;
				CLANG_WARN_DEPRECATED_OBJC_IMPLEMENTATIONS = YES;
				CLANG_WARN_DIRECT_OBJC_ISA_USAGE = YES_ERROR;
				CLANG_WARN_DOCUMENTATION_COMMENTS = YES;
				CLANG_WARN_EMPTY_BODY = YES;
				CLANG_WARN_ENUM_CONVERSION = YES;
				CLANG_WARN_INFINITE_RECURSION = YES;
				CLANG_WARN_INT_CONVERSION = YES;
				CLANG_WARN_NON_LITERAL_NULL_CONVERSION = YES;
				CLANG_WARN_OBJC_IMPLICIT_RETAIN_SELF = YES;
				CLANG_WARN_OBJC_LITERAL_CONVERSION = YES;
				CLANG_WARN_OBJC_ROOT_CLASS = YES_ERROR;
				CLANG_WARN_QUOTED_INCLUDE_IN_FRAMEWORK_HEADER = YES;
				CLANG_WARN_RANGE_LOOP_ANALYSIS = YES;
				CLANG_WARN_STRICT_PROTOTYPES = YES;
				CLANG_WARN_SUSPICIOUS_MOVE = YES;
				CLANG_WARN_UNGUARDED_AVAILABILITY = YES_AGGRESSIVE;
				CLANG_WARN_UNREACHABLE_CODE = YES;
				CLANG_WARN__DUPLICATE_METHOD_MATCH = YES;
				COPY_PHASE_STRIP = NO;
				DEBUG_INFORMATION_FORMAT = "dwarf-with-dsym";
				ENABLE_NS_ASSERTIONS = NO;
				ENABLE_STRICT_OBJC_MSGSEND = YES;
				GCC_C_LANGUAGE_STANDARD = gnu11;
				GCC_NO_COMMON_BLOCKS = YES;
				GCC_WARN_64_TO_32_BIT_CONVERSION = YES;
				GCC_WARN_ABOUT_RETURN_TYPE = YES_ERROR;
				GCC_WARN_UNDECLARED_SELECTOR = YES;
				GCC_WARN_UNINITIALIZED_AUTOS = YES_AGGRESSIVE;
				GCC_WARN_UNUSED_FUNCTION = YES;
				GCC_WARN_UNUSED_VARIABLE = YES;
				IPHONEOS_DEPLOYMENT_TARGET = 16.2;
				MTL_ENABLE_DEBUG_INFO = NO;
				MTL_FAST_MATH = YES;
				SDKROOT = iphoneos;
				SWIFT_COMPILATION_MODE = wholemodule;
				SWIFT_OPTIMIZATION_LEVEL = "-O";
				VALIDATE_PRODUCT = YES;
			};
			name = Release;
		};
		270485AA2A24EE510086FF96 /* Debug */ = {
			isa = XCBuildConfiguration;
			baseConfigurationReference = 2FBF42FFE17E877536766AD8 /* Pods-iOS-Challange.debug.xcconfig */;
			buildSettings = {
				ASSETCATALOG_COMPILER_APPICON_NAME = AppIcon;
				ASSETCATALOG_COMPILER_GLOBAL_ACCENT_COLOR_NAME = AccentColor;
				CODE_SIGN_STYLE = Automatic;
				CURRENT_PROJECT_VERSION = 1;
				DEVELOPMENT_TEAM = VS6N5DBC8A;
				GENERATE_INFOPLIST_FILE = YES;
				INFOPLIST_FILE = "iOS-Challange/Info.plist";
				INFOPLIST_KEY_UIApplicationSupportsIndirectInputEvents = YES;
				INFOPLIST_KEY_UILaunchStoryboardName = LaunchScreen;
				INFOPLIST_KEY_UISupportedInterfaceOrientations_iPad = "UIInterfaceOrientationPortrait UIInterfaceOrientationPortraitUpsideDown UIInterfaceOrientationLandscapeLeft UIInterfaceOrientationLandscapeRight";
				INFOPLIST_KEY_UISupportedInterfaceOrientations_iPhone = "UIInterfaceOrientationPortrait UIInterfaceOrientationLandscapeLeft UIInterfaceOrientationLandscapeRight";
				LD_RUNPATH_SEARCH_PATHS = (
					"$(inherited)",
					"@executable_path/Frameworks",
				);
				MARKETING_VERSION = 1.0;
				PRODUCT_BUNDLE_IDENTIFIER = "com.kaangokcek.iOS-Challange";
				PRODUCT_NAME = "$(TARGET_NAME)";
				SWIFT_EMIT_LOC_STRINGS = YES;
				SWIFT_VERSION = 5.0;
				TARGETED_DEVICE_FAMILY = "1,2";
			};
			name = Debug;
		};
		270485AB2A24EE510086FF96 /* Release */ = {
			isa = XCBuildConfiguration;
			baseConfigurationReference = EFF575536F104DA0B48BB08C /* Pods-iOS-Challange.release.xcconfig */;
			buildSettings = {
				ASSETCATALOG_COMPILER_APPICON_NAME = AppIcon;
				ASSETCATALOG_COMPILER_GLOBAL_ACCENT_COLOR_NAME = AccentColor;
				CODE_SIGN_STYLE = Automatic;
				CURRENT_PROJECT_VERSION = 1;
				DEVELOPMENT_TEAM = VS6N5DBC8A;
				GENERATE_INFOPLIST_FILE = YES;
				INFOPLIST_FILE = "iOS-Challange/Info.plist";
				INFOPLIST_KEY_UIApplicationSupportsIndirectInputEvents = YES;
				INFOPLIST_KEY_UILaunchStoryboardName = LaunchScreen;
				INFOPLIST_KEY_UISupportedInterfaceOrientations_iPad = "UIInterfaceOrientationPortrait UIInterfaceOrientationPortraitUpsideDown UIInterfaceOrientationLandscapeLeft UIInterfaceOrientationLandscapeRight";
				INFOPLIST_KEY_UISupportedInterfaceOrientations_iPhone = "UIInterfaceOrientationPortrait UIInterfaceOrientationLandscapeLeft UIInterfaceOrientationLandscapeRight";
				LD_RUNPATH_SEARCH_PATHS = (
					"$(inherited)",
					"@executable_path/Frameworks",
				);
				MARKETING_VERSION = 1.0;
				PRODUCT_BUNDLE_IDENTIFIER = "com.kaangokcek.iOS-Challange";
				PRODUCT_NAME = "$(TARGET_NAME)";
				SWIFT_EMIT_LOC_STRINGS = YES;
				SWIFT_VERSION = 5.0;
				TARGETED_DEVICE_FAMILY = "1,2";
			};
			name = Release;
		};
/* End XCBuildConfiguration section */

/* Begin XCConfigurationList section */
		2704858D2A24EE510086FF96 /* Build configuration list for PBXProject "iOS-Challange" */ = {
			isa = XCConfigurationList;
			buildConfigurations = (
				270485A72A24EE510086FF96 /* Debug */,
				270485A82A24EE510086FF96 /* Release */,
			);
			defaultConfigurationIsVisible = 0;
			defaultConfigurationName = Release;
		};
		270485A92A24EE510086FF96 /* Build configuration list for PBXNativeTarget "iOS-Challange" */ = {
			isa = XCConfigurationList;
			buildConfigurations = (
				270485AA2A24EE510086FF96 /* Debug */,
				270485AB2A24EE510086FF96 /* Release */,
			);
			defaultConfigurationIsVisible = 0;
			defaultConfigurationName = Release;
		};
/* End XCConfigurationList section */

/* Begin XCVersionGroup section */
		2704859E2A24EE510086FF96 /* iOS_Challange.xcdatamodeld */ = {
			isa = XCVersionGroup;
			children = (
				2704859F2A24EE510086FF96 /* iOS_Challange.xcdatamodel */,
			);
			currentVersion = 2704859F2A24EE510086FF96 /* iOS_Challange.xcdatamodel */;
			path = iOS_Challange.xcdatamodeld;
			sourceTree = "<group>";
			versionGroupType = wrapper.xcdatamodel;
		};
/* End XCVersionGroup section */
	};
	rootObject = 2704858A2A24EE510086FF96 /* Project object */;
}
